// !$*UTF8*$!
{
	archiveVersion = 1;
	classes = {
	};
	objectVersion = 48;
	objects = {

/* Begin PBXBuildFile section */
		7D6DC57B1FAB88E800802A69 /* AppDelegate.swift in Sources */ = {isa = PBXBuildFile; fileRef = 7D6DC57A1FAB88E800802A69 /* AppDelegate.swift */; };
		7D6DC57D1FAB88E800802A69 /* ViewController.swift in Sources */ = {isa = PBXBuildFile; fileRef = 7D6DC57C1FAB88E800802A69 /* ViewController.swift */; };
		7D6DC5801FAB88E800802A69 /* Main.storyboard in Resources */ = {isa = PBXBuildFile; fileRef = 7D6DC57E1FAB88E800802A69 /* Main.storyboard */; };
		7D6DC5821FAB88E800802A69 /* Assets.xcassets in Resources */ = {isa = PBXBuildFile; fileRef = 7D6DC5811FAB88E800802A69 /* Assets.xcassets */; };
		7D6DC5851FAB88E800802A69 /* LaunchScreen.storyboard in Resources */ = {isa = PBXBuildFile; fileRef = 7D6DC5831FAB88E800802A69 /* LaunchScreen.storyboard */; };
		7D6DC5931FAB895C00802A69 /* NotificationCenter.framework in Frameworks */ = {isa = PBXBuildFile; fileRef = 7D6DC5921FAB895C00802A69 /* NotificationCenter.framework */; };
		7D6DC5961FAB895C00802A69 /* TodayViewController.swift in Sources */ = {isa = PBXBuildFile; fileRef = 7D6DC5951FAB895C00802A69 /* TodayViewController.swift */; };
		7D6DC5991FAB895C00802A69 /* MainInterface.storyboard in Resources */ = {isa = PBXBuildFile; fileRef = 7D6DC5971FAB895C00802A69 /* MainInterface.storyboard */; };
		7D6DC59D1FAB895C00802A69 /* PlatformExtension.appex in Embed App Extensions */ = {isa = PBXBuildFile; fileRef = 7D6DC5901FAB895B00802A69 /* PlatformExtension.appex */; settings = {ATTRIBUTES = (RemoveHeadersOnCopy, ); }; };
		7D6DC5A31FAB8DC900802A69 /* File.swift in Sources */ = {isa = PBXBuildFile; fileRef = 7D6DC5A21FAB8DC900802A69 /* File.swift */; };
		7D6DC5A51FAB95B500802A69 /* Model.swift in Sources */ = {isa = PBXBuildFile; fileRef = 7D6DC5A41FAB95B500802A69 /* Model.swift */; };
/* End PBXBuildFile section */

/* Begin PBXContainerItemProxy section */
		7D6DC59B1FAB895C00802A69 /* PBXContainerItemProxy */ = {
			isa = PBXContainerItemProxy;
			containerPortal = 7D6DC56F1FAB88E800802A69 /* Project object */;
			proxyType = 1;
			remoteGlobalIDString = 7D6DC58F1FAB895B00802A69;
			remoteInfo = PlatformExtension;
		};
/* End PBXContainerItemProxy section */

/* Begin PBXCopyFilesBuildPhase section */
		7D6DC5A11FAB895C00802A69 /* Embed App Extensions */ = {
			isa = PBXCopyFilesBuildPhase;
			buildActionMask = 2147483647;
			dstPath = "";
			dstSubfolderSpec = 13;
			files = (
				7D6DC59D1FAB895C00802A69 /* PlatformExtension.appex in Embed App Extensions */,
			);
			name = "Embed App Extensions";
			runOnlyForDeploymentPostprocessing = 0;
		};
/* End PBXCopyFilesBuildPhase section */

/* Begin PBXFileReference section */
		7D6DC5771FAB88E800802A69 /* PlatformTest.app */ = {isa = PBXFileReference; explicitFileType = wrapper.application; includeInIndex = 0; path = PlatformTest.app; sourceTree = BUILT_PRODUCTS_DIR; };
		7D6DC57A1FAB88E800802A69 /* AppDelegate.swift */ = {isa = PBXFileReference; lastKnownFileType = sourcecode.swift; path = AppDelegate.swift; sourceTree = "<group>"; };
		7D6DC57C1FAB88E800802A69 /* ViewController.swift */ = {isa = PBXFileReference; lastKnownFileType = sourcecode.swift; path = ViewController.swift; sourceTree = "<group>"; };
		7D6DC57F1FAB88E800802A69 /* Base */ = {isa = PBXFileReference; lastKnownFileType = file.storyboard; name = Base; path = Base.lproj/Main.storyboard; sourceTree = "<group>"; };
		7D6DC5811FAB88E800802A69 /* Assets.xcassets */ = {isa = PBXFileReference; lastKnownFileType = folder.assetcatalog; path = Assets.xcassets; sourceTree = "<group>"; };
		7D6DC5841FAB88E800802A69 /* Base */ = {isa = PBXFileReference; lastKnownFileType = file.storyboard; name = Base; path = Base.lproj/LaunchScreen.storyboard; sourceTree = "<group>"; };
		7D6DC5861FAB88E800802A69 /* Info.plist */ = {isa = PBXFileReference; lastKnownFileType = text.plist.xml; path = Info.plist; sourceTree = "<group>"; };
		7D6DC5901FAB895B00802A69 /* PlatformExtension.appex */ = {isa = PBXFileReference; explicitFileType = "wrapper.app-extension"; includeInIndex = 0; path = PlatformExtension.appex; sourceTree = BUILT_PRODUCTS_DIR; };
		7D6DC5921FAB895C00802A69 /* NotificationCenter.framework */ = {isa = PBXFileReference; lastKnownFileType = wrapper.framework; name = NotificationCenter.framework; path = System/Library/Frameworks/NotificationCenter.framework; sourceTree = SDKROOT; };
		7D6DC5951FAB895C00802A69 /* TodayViewController.swift */ = {isa = PBXFileReference; lastKnownFileType = sourcecode.swift; path = TodayViewController.swift; sourceTree = "<group>"; };
		7D6DC5981FAB895C00802A69 /* Base */ = {isa = PBXFileReference; lastKnownFileType = file.storyboard; name = Base; path = Base.lproj/MainInterface.storyboard; sourceTree = "<group>"; };
		7D6DC59A1FAB895C00802A69 /* Info.plist */ = {isa = PBXFileReference; lastKnownFileType = text.plist.xml; path = Info.plist; sourceTree = "<group>"; };
		7D6DC5A21FAB8DC900802A69 /* File.swift */ = {isa = PBXFileReference; lastKnownFileType = sourcecode.swift; path = File.swift; sourceTree = "<group>"; };
		7D6DC5A41FAB95B500802A69 /* Model.swift */ = {isa = PBXFileReference; lastKnownFileType = sourcecode.swift; path = Model.swift; sourceTree = "<group>"; };
/* End PBXFileReference section */

/* Begin PBXFrameworksBuildPhase section */
		7D6DC5741FAB88E800802A69 /* Frameworks */ = {
			isa = PBXFrameworksBuildPhase;
			buildActionMask = 2147483647;
			files = (
			);
			runOnlyForDeploymentPostprocessing = 0;
		};
		7D6DC58D1FAB895B00802A69 /* Frameworks */ = {
			isa = PBXFrameworksBuildPhase;
			buildActionMask = 2147483647;
			files = (
				7D6DC5931FAB895C00802A69 /* NotificationCenter.framework in Frameworks */,
			);
			runOnlyForDeploymentPostprocessing = 0;
		};
/* End PBXFrameworksBuildPhase section */

/* Begin PBXGroup section */
		7D6DC56E1FAB88E800802A69 = {
			isa = PBXGroup;
			children = (
				7D6DC5791FAB88E800802A69 /* PlatformTest */,
				7D6DC5941FAB895C00802A69 /* PlatformExtension */,
				7D6DC5911FAB895C00802A69 /* Frameworks */,
				7D6DC5781FAB88E800802A69 /* Products */,
			);
			sourceTree = "<group>";
		};
		7D6DC5781FAB88E800802A69 /* Products */ = {
			isa = PBXGroup;
			children = (
				7D6DC5771FAB88E800802A69 /* PlatformTest.app */,
				7D6DC5901FAB895B00802A69 /* PlatformExtension.appex */,
			);
			name = Products;
			sourceTree = "<group>";
		};
		7D6DC5791FAB88E800802A69 /* PlatformTest */ = {
			isa = PBXGroup;
			children = (
				7D6DC57A1FAB88E800802A69 /* AppDelegate.swift */,
				7D6DC57C1FAB88E800802A69 /* ViewController.swift */,
				7D6DC5A41FAB95B500802A69 /* Model.swift */,
				7D6DC57E1FAB88E800802A69 /* Main.storyboard */,
				7D6DC5A21FAB8DC900802A69 /* File.swift */,
				7D6DC5811FAB88E800802A69 /* Assets.xcassets */,
				7D6DC5831FAB88E800802A69 /* LaunchScreen.storyboard */,
				7D6DC5861FAB88E800802A69 /* Info.plist */,
			);
			path = PlatformTest;
			sourceTree = "<group>";
		};
		7D6DC5911FAB895C00802A69 /* Frameworks */ = {
			isa = PBXGroup;
			children = (
				7D6DC5921FAB895C00802A69 /* NotificationCenter.framework */,
			);
			name = Frameworks;
			sourceTree = "<group>";
		};
		7D6DC5941FAB895C00802A69 /* PlatformExtension */ = {
			isa = PBXGroup;
			children = (
				7D6DC5951FAB895C00802A69 /* TodayViewController.swift */,
				7D6DC5971FAB895C00802A69 /* MainInterface.storyboard */,
				7D6DC59A1FAB895C00802A69 /* Info.plist */,
			);
			path = PlatformExtension;
			sourceTree = "<group>";
		};
/* End PBXGroup section */

/* Begin PBXNativeTarget section */
		7D6DC5761FAB88E800802A69 /* PlatformTest */ = {
			isa = PBXNativeTarget;
			buildConfigurationList = 7D6DC5891FAB88E800802A69 /* Build configuration list for PBXNativeTarget "PlatformTest" */;
			buildPhases = (
				7D6DC5731FAB88E800802A69 /* Sources */,
				7D6DC5741FAB88E800802A69 /* Frameworks */,
				7D6DC5751FAB88E800802A69 /* Resources */,
				7D6DC5A11FAB895C00802A69 /* Embed App Extensions */,
			);
			buildRules = (
			);
			dependencies = (
				7D6DC59C1FAB895C00802A69 /* PBXTargetDependency */,
			);
			name = PlatformTest;
			productName = PlatformTest;
			productReference = 7D6DC5771FAB88E800802A69 /* PlatformTest.app */;
			productType = "com.apple.product-type.application";
		};
		7D6DC58F1FAB895B00802A69 /* PlatformExtension */ = {
			isa = PBXNativeTarget;
			buildConfigurationList = 7D6DC59E1FAB895C00802A69 /* Build configuration list for PBXNativeTarget "PlatformExtension" */;
			buildPhases = (
				7D6DC58C1FAB895B00802A69 /* Sources */,
				7D6DC58D1FAB895B00802A69 /* Frameworks */,
				7D6DC58E1FAB895B00802A69 /* Resources */,
			);
			buildRules = (
			);
			dependencies = (
			);
			name = PlatformExtension;
			productName = PlatformExtension;
			productReference = 7D6DC5901FAB895B00802A69 /* PlatformExtension.appex */;
			productType = "com.apple.product-type.app-extension";
		};
/* End PBXNativeTarget section */

/* Begin PBXProject section */
		7D6DC56F1FAB88E800802A69 /* Project object */ = {
			isa = PBXProject;
			attributes = {
				LastSwiftUpdateCheck = 0900;
				LastUpgradeCheck = 0900;
				ORGANIZATIONNAME = "Abhi Singh";
				TargetAttributes = {
					7D6DC5761FAB88E800802A69 = {
						CreatedOnToolsVersion = 9.0.1;
						ProvisioningStyle = Automatic;
					};
					7D6DC58F1FAB895B00802A69 = {
						CreatedOnToolsVersion = 9.0.1;
						ProvisioningStyle = Automatic;
					};
				};
			};
			buildConfigurationList = 7D6DC5721FAB88E800802A69 /* Build configuration list for PBXProject "PlatformTest" */;
			compatibilityVersion = "Xcode 8.0";
			developmentRegion = en;
			hasScannedForEncodings = 0;
			knownRegions = (
				en,
				Base,
			);
			mainGroup = 7D6DC56E1FAB88E800802A69;
			productRefGroup = 7D6DC5781FAB88E800802A69 /* Products */;
			projectDirPath = "";
			projectRoot = "";
			targets = (
				7D6DC5761FAB88E800802A69 /* PlatformTest */,
				7D6DC58F1FAB895B00802A69 /* PlatformExtension */,
			);
		};
/* End PBXProject section */

/* Begin PBXResourcesBuildPhase section */
		7D6DC5751FAB88E800802A69 /* Resources */ = {
			isa = PBXResourcesBuildPhase;
			buildActionMask = 2147483647;
			files = (
				7D6DC5851FAB88E800802A69 /* LaunchScreen.storyboard in Resources */,
				7D6DC5821FAB88E800802A69 /* Assets.xcassets in Resources */,
				7D6DC5801FAB88E800802A69 /* Main.storyboard in Resources */,
			);
			runOnlyForDeploymentPostprocessing = 0;
		};
		7D6DC58E1FAB895B00802A69 /* Resources */ = {
			isa = PBXResourcesBuildPhase;
			buildActionMask = 2147483647;
			files = (
				7D6DC5991FAB895C00802A69 /* MainInterface.storyboard in Resources */,
			);
			runOnlyForDeploymentPostprocessing = 0;
		};
/* End PBXResourcesBuildPhase section */

/* Begin PBXSourcesBuildPhase section */
		7D6DC5731FAB88E800802A69 /* Sources */ = {
			isa = PBXSourcesBuildPhase;
			buildActionMask = 2147483647;
			files = (
				7D6DC57D1FAB88E800802A69 /* ViewController.swift in Sources */,
				7D6DC5A31FAB8DC900802A69 /* File.swift in Sources */,
				7D6DC57B1FAB88E800802A69 /* AppDelegate.swift in Sources */,
				7D6DC5A51FAB95B500802A69 /* Model.swift in Sources */,
			);
			runOnlyForDeploymentPostprocessing = 0;
		};
		7D6DC58C1FAB895B00802A69 /* Sources */ = {
			isa = PBXSourcesBuildPhase;
			buildActionMask = 2147483647;
			files = (
				7D6DC5961FAB895C00802A69 /* TodayViewController.swift in Sources */,
			);
			runOnlyForDeploymentPostprocessing = 0;
		};
/* End PBXSourcesBuildPhase section */

/* Begin PBXTargetDependency section */
		7D6DC59C1FAB895C00802A69 /* PBXTargetDependency */ = {
			isa = PBXTargetDependency;
			target = 7D6DC58F1FAB895B00802A69 /* PlatformExtension */;
			targetProxy = 7D6DC59B1FAB895C00802A69 /* PBXContainerItemProxy */;
		};
/* End PBXTargetDependency section */

/* Begin PBXVariantGroup section */
		7D6DC57E1FAB88E800802A69 /* Main.storyboard */ = {
			isa = PBXVariantGroup;
			children = (
				7D6DC57F1FAB88E800802A69 /* Base */,
			);
			name = Main.storyboard;
			sourceTree = "<group>";
		};
		7D6DC5831FAB88E800802A69 /* LaunchScreen.storyboard */ = {
			isa = PBXVariantGroup;
			children = (
				7D6DC5841FAB88E800802A69 /* Base */,
			);
			name = LaunchScreen.storyboard;
			sourceTree = "<group>";
		};
		7D6DC5971FAB895C00802A69 /* MainInterface.storyboard */ = {
			isa = PBXVariantGroup;
			children = (
				7D6DC5981FAB895C00802A69 /* Base */,
			);
			name = MainInterface.storyboard;
			sourceTree = "<group>";
		};
/* End PBXVariantGroup section */

/* Begin XCBuildConfiguration section */
		7D6DC5871FAB88E800802A69 /* Debug */ = {
			isa = XCBuildConfiguration;
			buildSettings = {
				ALWAYS_SEARCH_USER_PATHS = NO;
				CLANG_ANALYZER_NONNULL = YES;
				CLANG_ANALYZER_NUMBER_OBJECT_CONVERSION = YES_AGGRESSIVE;
				CLANG_CXX_LANGUAGE_STANDARD = "gnu++14";
				CLANG_CXX_LIBRARY = "libc++";
				CLANG_ENABLE_MODULES = YES;
				CLANG_ENABLE_OBJC_ARC = YES;
				CLANG_WARN_BLOCK_CAPTURE_AUTORELEASING = YES;
				CLANG_WARN_BOOL_CONVERSION = YES;
				CLANG_WARN_COMMA = YES;
				CLANG_WARN_CONSTANT_CONVERSION = YES;
				CLANG_WARN_DIRECT_OBJC_ISA_USAGE = YES_ERROR;
				CLANG_WARN_DOCUMENTATION_COMMENTS = YES;
				CLANG_WARN_EMPTY_BODY = YES;
				CLANG_WARN_ENUM_CONVERSION = YES;
				CLANG_WARN_INFINITE_RECURSION = YES;
				CLANG_WARN_INT_CONVERSION = YES;
				CLANG_WARN_NON_LITERAL_NULL_CONVERSION = YES;
				CLANG_WARN_OBJC_LITERAL_CONVERSION = YES;
				CLANG_WARN_OBJC_ROOT_CLASS = YES_ERROR;
				CLANG_WARN_RANGE_LOOP_ANALYSIS = YES;
				CLANG_WARN_STRICT_PROTOTYPES = YES;
				CLANG_WARN_SUSPICIOUS_MOVE = YES;
				CLANG_WARN_UNGUARDED_AVAILABILITY = YES_AGGRESSIVE;
				CLANG_WARN_UNREACHABLE_CODE = YES;
				CLANG_WARN__DUPLICATE_METHOD_MATCH = YES;
				CODE_SIGN_IDENTITY = "iPhone Developer";
				COPY_PHASE_STRIP = NO;
				DEBUG_INFORMATION_FORMAT = dwarf;
				ENABLE_STRICT_OBJC_MSGSEND = YES;
				ENABLE_TESTABILITY = YES;
				GCC_C_LANGUAGE_STANDARD = gnu11;
				GCC_DYNAMIC_NO_PIC = NO;
				GCC_NO_COMMON_BLOCKS = YES;
				GCC_OPTIMIZATION_LEVEL = 0;
				GCC_PREPROCESSOR_DEFINITIONS = (
					"DEBUG=1",
					"$(inherited)",
				);
				GCC_WARN_64_TO_32_BIT_CONVERSION = YES;
				GCC_WARN_ABOUT_RETURN_TYPE = YES_ERROR;
				GCC_WARN_UNDECLARED_SELECTOR = YES;
				GCC_WARN_UNINITIALIZED_AUTOS = YES_AGGRESSIVE;
				GCC_WARN_UNUSED_FUNCTION = YES;
				GCC_WARN_UNUSED_VARIABLE = YES;
				IPHONEOS_DEPLOYMENT_TARGET = 11.0;
				MTL_ENABLE_DEBUG_INFO = YES;
				ONLY_ACTIVE_ARCH = YES;
				SDKROOT = iphoneos;
				SWIFT_ACTIVE_COMPILATION_CONDITIONS = DEBUG;
				SWIFT_OPTIMIZATION_LEVEL = "-Onone";
			};
			name = Debug;
		};
		7D6DC5881FAB88E800802A69 /* Release */ = {
			isa = XCBuildConfiguration;
			buildSettings = {
				ALWAYS_SEARCH_USER_PATHS = NO;
				CLANG_ANALYZER_NONNULL = YES;
				CLANG_ANALYZER_NUMBER_OBJECT_CONVERSION = YES_AGGRESSIVE;
				CLANG_CXX_LANGUAGE_STANDARD = "gnu++14";
				CLANG_CXX_LIBRARY = "libc++";
				CLANG_ENABLE_MODULES = YES;
				CLANG_ENABLE_OBJC_ARC = YES;
				CLANG_WARN_BLOCK_CAPTURE_AUTORELEASING = YES;
				CLANG_WARN_BOOL_CONVERSION = YES;
				CLANG_WARN_COMMA = YES;
				CLANG_WARN_CONSTANT_CONVERSION = YES;
				CLANG_WARN_DIRECT_OBJC_ISA_USAGE = YES_ERROR;
				CLANG_WARN_DOCUMENTATION_COMMENTS = YES;
				CLANG_WARN_EMPTY_BODY = YES;
				CLANG_WARN_ENUM_CONVERSION = YES;
				CLANG_WARN_INFINITE_RECURSION = YES;
				CLANG_WARN_INT_CONVERSION = YES;
				CLANG_WARN_NON_LITERAL_NULL_CONVERSION = YES;
				CLANG_WARN_OBJC_LITERAL_CONVERSION = YES;
				CLANG_WARN_OBJC_ROOT_CLASS = YES_ERROR;
				CLANG_WARN_RANGE_LOOP_ANALYSIS = YES;
				CLANG_WARN_STRICT_PROTOTYPES = YES;
				CLANG_WARN_SUSPICIOUS_MOVE = YES;
				CLANG_WARN_UNGUARDED_AVAILABILITY = YES_AGGRESSIVE;
				CLANG_WARN_UNREACHABLE_CODE = YES;
				CLANG_WARN__DUPLICATE_METHOD_MATCH = YES;
				CODE_SIGN_IDENTITY = "iPhone Developer";
				COPY_PHASE_STRIP = NO;
				DEBUG_INFORMATION_FORMAT = "dwarf-with-dsym";
				ENABLE_NS_ASSERTIONS = NO;
				ENABLE_STRICT_OBJC_MSGSEND = YES;
				GCC_C_LANGUAGE_STANDARD = gnu11;
				GCC_NO_COMMON_BLOCKS = YES;
				GCC_WARN_64_TO_32_BIT_CONVERSION = YES;
				GCC_WARN_ABOUT_RETURN_TYPE = YES_ERROR;
				GCC_WARN_UNDECLARED_SELECTOR = YES;
				GCC_WARN_UNINITIALIZED_AUTOS = YES_AGGRESSIVE;
				GCC_WARN_UNUSED_FUNCTION = YES;
				GCC_WARN_UNUSED_VARIABLE = YES;
				IPHONEOS_DEPLOYMENT_TARGET = 11.0;
				MTL_ENABLE_DEBUG_INFO = NO;
				SDKROOT = iphoneos;
				SWIFT_OPTIMIZATION_LEVEL = "-Owholemodule";
				VALIDATE_PRODUCT = YES;
			};
			name = Release;
		};
		7D6DC58A1FAB88E800802A69 /* Debug */ = {
			isa = XCBuildConfiguration;
			buildSettings = {
				ALWAYS_EMBED_SWIFT_STANDARD_LIBRARIES = YES;
				ASSETCATALOG_COMPILER_APPICON_NAME = AppIcon;
				CODE_SIGN_STYLE = Automatic;
				DEVELOPMENT_TEAM = DYLA5J7PW5;
				INFOPLIST_FILE = PlatformTest/Info.plist;
				LD_RUNPATH_SEARCH_PATHS = "$(inherited) @executable_path/Frameworks";
				PRODUCT_BUNDLE_IDENTIFIER = CaptainAbhious.PlatformTest;
				PRODUCT_NAME = "$(TARGET_NAME)";
				SWIFT_VERSION = 4.0;
				TARGETED_DEVICE_FAMILY = "1,2";
			};
			name = Debug;
		};
		7D6DC58B1FAB88E800802A69 /* Release */ = {
			isa = XCBuildConfiguration;
			buildSettings = {
				ALWAYS_EMBED_SWIFT_STANDARD_LIBRARIES = YES;
				ASSETCATALOG_COMPILER_APPICON_NAME = AppIcon;
				CODE_SIGN_STYLE = Automatic;
				DEVELOPMENT_TEAM = DYLA5J7PW5;
				INFOPLIST_FILE = PlatformTest/Info.plist;
				LD_RUNPATH_SEARCH_PATHS = "$(inherited) @executable_path/Frameworks";
				PRODUCT_BUNDLE_IDENTIFIER = CaptainAbhious.PlatformTest;
				PRODUCT_NAME = "$(TARGET_NAME)";
				SWIFT_VERSION = 4.0;
				TARGETED_DEVICE_FAMILY = "1,2";
			};
			name = Release;
		};
		7D6DC59F1FAB895C00802A69 /* Debug */ = {
			isa = XCBuildConfiguration;
			buildSettings = {
				CODE_SIGN_STYLE = Automatic;
				DEVELOPMENT_TEAM = DYLA5J7PW5;
				INFOPLIST_FILE = PlatformExtension/Info.plist;
				LD_RUNPATH_SEARCH_PATHS = "$(inherited) @executable_path/Frameworks @executable_path/../../Frameworks";
				PRODUCT_BUNDLE_IDENTIFIER = CaptainAbhious.PlatformTest.PlatformExtension;
				PRODUCT_NAME = "$(TARGET_NAME)";
				SKIP_INSTALL = YES;
				SWIFT_VERSION = 4.0;
				TARGETED_DEVICE_FAMILY = "1,2";
			};
			name = Debug;
		};
		7D6DC5A01FAB895C00802A69 /* Release */ = {
			isa = XCBuildConfiguration;
			buildSettings = {
				CODE_SIGN_STYLE = Automatic;
				DEVELOPMENT_TEAM = DYLA5J7PW5;
				INFOPLIST_FILE = PlatformExtension/Info.plist;
				LD_RUNPATH_SEARCH_PATHS = "$(inherited) @executable_path/Frameworks @executable_path/../../Frameworks";
				PRODUCT_BUNDLE_IDENTIFIER = CaptainAbhious.PlatformTest.PlatformExtension;
				PRODUCT_NAME = "$(TARGET_NAME)";
				SKIP_INSTALL = YES;
				SWIFT_VERSION = 4.0;
				TARGETED_DEVICE_FAMILY = "1,2";
			};
			name = Release;
		};
/* End XCBuildConfiguration section */

/* Begin XCConfigurationList section */
		7D6DC5721FAB88E800802A69 /* Build configuration list for PBXProject "PlatformTest" */ = {
			isa = XCConfigurationList;
			buildConfigurations = (
				7D6DC5871FAB88E800802A69 /* Debug */,
				7D6DC5881FAB88E800802A69 /* Release */,
			);
			defaultConfigurationIsVisible = 0;
			defaultConfigurationName = Release;
		};
		7D6DC5891FAB88E800802A69 /* Build configuration list for PBXNativeTarget "PlatformTest" */ = {
			isa = XCConfigurationList;
			buildConfigurations = (
				7D6DC58A1FAB88E800802A69 /* Debug */,
				7D6DC58B1FAB88E800802A69 /* Release */,
			);
			defaultConfigurationIsVisible = 0;
			defaultConfigurationName = Release;
		};
		7D6DC59E1FAB895C00802A69 /* Build configuration list for PBXNativeTarget "PlatformExtension" */ = {
			isa = XCConfigurationList;
			buildConfigurations = (
				7D6DC59F1FAB895C00802A69 /* Debug */,
				7D6DC5A01FAB895C00802A69 /* Release */,
			);
			defaultConfigurationIsVisible = 0;
			defaultConfigurationName = Release;
		};
/* End XCConfigurationList section */
	};
	rootObject = 7D6DC56F1FAB88E800802A69 /* Project object */;
}
