// !$*UTF8*$!
{
	archiveVersion = 1;
	classes = {
	};
	objectVersion = 48;
	objects = {

/* Begin PBXBuildFile section */
		7D437C501F882B1000E4A964 /* AppDelegate.swift in Sources */ = {isa = PBXBuildFile; fileRef = 7D437C4F1F882B1000E4A964 /* AppDelegate.swift */; };
		7D437C551F882B1000E4A964 /* Main.storyboard in Resources */ = {isa = PBXBuildFile; fileRef = 7D437C531F882B1000E4A964 /* Main.storyboard */; };
		7D437C571F882B1000E4A964 /* Assets.xcassets in Resources */ = {isa = PBXBuildFile; fileRef = 7D437C561F882B1000E4A964 /* Assets.xcassets */; };
		7D437C5A1F882B1000E4A964 /* LaunchScreen.storyboard in Resources */ = {isa = PBXBuildFile; fileRef = 7D437C581F882B1000E4A964 /* LaunchScreen.storyboard */; };
		7D437C621F882CD300E4A964 /* Weather.swift in Sources */ = {isa = PBXBuildFile; fileRef = 7D437C611F882CD300E4A964 /* Weather.swift */; };
		7DE240441F8848DA00FEF9CD /* ViewController.swift in Sources */ = {isa = PBXBuildFile; fileRef = 7DE240431F8848DA00FEF9CD /* ViewController.swift */; };
		7DE240461F8852CA00FEF9CD /* TableViewController.swift in Sources */ = {isa = PBXBuildFile; fileRef = 7DE240451F8852CA00FEF9CD /* TableViewController.swift */; };
/* End PBXBuildFile section */

/* Begin PBXFileReference section */
		7D437C4C1F882B0F00E4A964 /* whetherAnyWeather.app */ = {isa = PBXFileReference; explicitFileType = wrapper.application; includeInIndex = 0; path = whetherAnyWeather.app; sourceTree = BUILT_PRODUCTS_DIR; };
		7D437C4F1F882B1000E4A964 /* AppDelegate.swift */ = {isa = PBXFileReference; lastKnownFileType = sourcecode.swift; path = AppDelegate.swift; sourceTree = "<group>"; };
		7D437C541F882B1000E4A964 /* Base */ = {isa = PBXFileReference; lastKnownFileType = file.storyboard; name = Base; path = Base.lproj/Main.storyboard; sourceTree = "<group>"; };
		7D437C561F882B1000E4A964 /* Assets.xcassets */ = {isa = PBXFileReference; lastKnownFileType = folder.assetcatalog; path = Assets.xcassets; sourceTree = "<group>"; };
		7D437C591F882B1000E4A964 /* Base */ = {isa = PBXFileReference; lastKnownFileType = file.storyboard; name = Base; path = Base.lproj/LaunchScreen.storyboard; sourceTree = "<group>"; };
		7D437C5B1F882B1000E4A964 /* Info.plist */ = {isa = PBXFileReference; lastKnownFileType = text.plist.xml; path = Info.plist; sourceTree = "<group>"; };
		7D437C611F882CD300E4A964 /* Weather.swift */ = {isa = PBXFileReference; lastKnownFileType = sourcecode.swift; path = Weather.swift; sourceTree = "<group>"; };
		7DE240431F8848DA00FEF9CD /* ViewController.swift */ = {isa = PBXFileReference; lastKnownFileType = sourcecode.swift; path = ViewController.swift; sourceTree = "<group>"; };
		7DE240451F8852CA00FEF9CD /* TableViewController.swift */ = {isa = PBXFileReference; lastKnownFileType = sourcecode.swift; path = TableViewController.swift; sourceTree = "<group>"; };
/* End PBXFileReference section */

/* Begin PBXFrameworksBuildPhase section */
		7D437C491F882B0F00E4A964 /* Frameworks */ = {
			isa = PBXFrameworksBuildPhase;
			buildActionMask = 2147483647;
			files = (
			);
			runOnlyForDeploymentPostprocessing = 0;
		};
/* End PBXFrameworksBuildPhase section */

/* Begin PBXGroup section */
		7D437C431F882B0F00E4A964 = {
			isa = PBXGroup;
			children = (
				7D437C611F882CD300E4A964 /* Weather.swift */,
				7D437C4E1F882B0F00E4A964 /* whetherAnyWeather */,
				7D437C4D1F882B0F00E4A964 /* Products */,
			);
			sourceTree = "<group>";
		};
		7D437C4D1F882B0F00E4A964 /* Products */ = {
			isa = PBXGroup;
			children = (
				7D437C4C1F882B0F00E4A964 /* whetherAnyWeather.app */,
			);
			name = Products;
			sourceTree = "<group>";
		};
		7D437C4E1F882B0F00E4A964 /* whetherAnyWeather */ = {
			isa = PBXGroup;
			children = (
				7D437C4F1F882B1000E4A964 /* AppDelegate.swift */,
				7D437C531F882B1000E4A964 /* Main.storyboard */,
				7DE240451F8852CA00FEF9CD /* TableViewController.swift */,
				7DE240431F8848DA00FEF9CD /* ViewController.swift */,
				7D437C561F882B1000E4A964 /* Assets.xcassets */,
				7D437C581F882B1000E4A964 /* LaunchScreen.storyboard */,
				7D437C5B1F882B1000E4A964 /* Info.plist */,
			);
			path = whetherAnyWeather;
			sourceTree = "<group>";
		};
/* End PBXGroup section */

/* Begin PBXNativeTarget section */
		7D437C4B1F882B0F00E4A964 /* whetherAnyWeather */ = {
			isa = PBXNativeTarget;
			buildConfigurationList = 7D437C5E1F882B1000E4A964 /* Build configuration list for PBXNativeTarget "whetherAnyWeather" */;
			buildPhases = (
				7D437C481F882B0F00E4A964 /* Sources */,
				7D437C491F882B0F00E4A964 /* Frameworks */,
				7D437C4A1F882B0F00E4A964 /* Resources */,
			);
			buildRules = (
			);
			dependencies = (
			);
			name = whetherAnyWeather;
			productName = whetherAnyWeather;
			productReference = 7D437C4C1F882B0F00E4A964 /* whetherAnyWeather.app */;
			productType = "com.apple.product-type.application";
		};
/* End PBXNativeTarget section */

/* Begin PBXProject section */
		7D437C441F882B0F00E4A964 /* Project object */ = {
			isa = PBXProject;
			attributes = {
				LastSwiftUpdateCheck = 0900;
				LastUpgradeCheck = 0900;
				ORGANIZATIONNAME = "Abhi Singh";
				TargetAttributes = {
					7D437C4B1F882B0F00E4A964 = {
						CreatedOnToolsVersion = 9.0;
						ProvisioningStyle = Automatic;
					};
				};
			};
			buildConfigurationList = 7D437C471F882B0F00E4A964 /* Build configuration list for PBXProject "whetherAnyWeather" */;
			compatibilityVersion = "Xcode 8.0";
			developmentRegion = en;
			hasScannedForEncodings = 0;
			knownRegions = (
				en,
				Base,
			);
			mainGroup = 7D437C431F882B0F00E4A964;
			productRefGroup = 7D437C4D1F882B0F00E4A964 /* Products */;
			projectDirPath = "";
			projectRoot = "";
			targets = (
				7D437C4B1F882B0F00E4A964 /* whetherAnyWeather */,
			);
		};
/* End PBXProject section */

/* Begin PBXResourcesBuildPhase section */
		7D437C4A1F882B0F00E4A964 /* Resources */ = {
			isa = PBXResourcesBuildPhase;
			buildActionMask = 2147483647;
			files = (
				7D437C5A1F882B1000E4A964 /* LaunchScreen.storyboard in Resources */,
				7D437C571F882B1000E4A964 /* Assets.xcassets in Resources */,
				7D437C551F882B1000E4A964 /* Main.storyboard in Resources */,
			);
			runOnlyForDeploymentPostprocessing = 0;
		};
/* End PBXResourcesBuildPhase section */

/* Begin PBXSourcesBuildPhase section */
		7D437C481F882B0F00E4A964 /* Sources */ = {
			isa = PBXSourcesBuildPhase;
			buildActionMask = 2147483647;
			files = (
				7DE240441F8848DA00FEF9CD /* ViewController.swift in Sources */,
				7D437C621F882CD300E4A964 /* Weather.swift in Sources */,
				7D437C501F882B1000E4A964 /* AppDelegate.swift in Sources */,
				7DE240461F8852CA00FEF9CD /* TableViewController.swift in Sources */,
			);
			runOnlyForDeploymentPostprocessing = 0;
		};
/* End PBXSourcesBuildPhase section */

/* Begin PBXVariantGroup section */
		7D437C531F882B1000E4A964 /* Main.storyboard */ = {
			isa = PBXVariantGroup;
			children = (
				7D437C541F882B1000E4A964 /* Base */,
			);
			name = Main.storyboard;
			sourceTree = "<group>";
		};
		7D437C581F882B1000E4A964 /* LaunchScreen.storyboard */ = {
			isa = PBXVariantGroup;
			children = (
				7D437C591F882B1000E4A964 /* Base */,
			);
			name = LaunchScreen.storyboard;
			sourceTree = "<group>";
		};
/* End PBXVariantGroup section */

/* Begin XCBuildConfiguration section */
		7D437C5C1F882B1000E4A964 /* Debug */ = {
			isa = XCBuildConfiguration;
			buildSettings = {
				ALWAYS_SEARCH_USER_PATHS = NO;
				CLANG_ANALYZER_NONNULL = YES;
				CLANG_ANALYZER_NUMBER_OBJECT_CONVERSION = YES_AGGRESSIVE;
				CLANG_CXX_LANGUAGE_STANDARD = "gnu++14";
				CLANG_CXX_LIBRARY = "libc++";
				CLANG_ENABLE_MODULES = YES;
				CLANG_ENABLE_OBJC_ARC = YES;
				CLANG_WARN_BLOCK_CAPTURE_AUTORELEASING = YES;
				CLANG_WARN_BOOL_CONVERSION = YES;
				CLANG_WARN_COMMA = YES;
				CLANG_WARN_CONSTANT_CONVERSION = YES;
				CLANG_WARN_DIRECT_OBJC_ISA_USAGE = YES_ERROR;
				CLANG_WARN_DOCUMENTATION_COMMENTS = YES;
				CLANG_WARN_EMPTY_BODY = YES;
				CLANG_WARN_ENUM_CONVERSION = YES;
				CLANG_WARN_INFINITE_RECURSION = YES;
				CLANG_WARN_INT_CONVERSION = YES;
				CLANG_WARN_NON_LITERAL_NULL_CONVERSION = YES;
				CLANG_WARN_OBJC_LITERAL_CONVERSION = YES;
				CLANG_WARN_OBJC_ROOT_CLASS = YES_ERROR;
				CLANG_WARN_RANGE_LOOP_ANALYSIS = YES;
				CLANG_WARN_STRICT_PROTOTYPES = YES;
				CLANG_WARN_SUSPICIOUS_MOVE = YES;
				CLANG_WARN_UNGUARDED_AVAILABILITY = YES_AGGRESSIVE;
				CLANG_WARN_UNREACHABLE_CODE = YES;
				CLANG_WARN__DUPLICATE_METHOD_MATCH = YES;
				CODE_SIGN_IDENTITY = "iPhone Developer";
				COPY_PHASE_STRIP = NO;
				DEBUG_INFORMATION_FORMAT = dwarf;
				ENABLE_STRICT_OBJC_MSGSEND = YES;
				ENABLE_TESTABILITY = YES;
				GCC_C_LANGUAGE_STANDARD = gnu11;
				GCC_DYNAMIC_NO_PIC = NO;
				GCC_NO_COMMON_BLOCKS = YES;
				GCC_OPTIMIZATION_LEVEL = 0;
				GCC_PREPROCESSOR_DEFINITIONS = (
					"DEBUG=1",
					"$(inherited)",
				);
				GCC_WARN_64_TO_32_BIT_CONVERSION = YES;
				GCC_WARN_ABOUT_RETURN_TYPE = YES_ERROR;
				GCC_WARN_UNDECLARED_SELECTOR = YES;
				GCC_WARN_UNINITIALIZED_AUTOS = YES_AGGRESSIVE;
				GCC_WARN_UNUSED_FUNCTION = YES;
				GCC_WARN_UNUSED_VARIABLE = YES;
				IPHONEOS_DEPLOYMENT_TARGET = 11.0;
				MTL_ENABLE_DEBUG_INFO = YES;
				ONLY_ACTIVE_ARCH = YES;
				SDKROOT = iphoneos;
				SWIFT_ACTIVE_COMPILATION_CONDITIONS = DEBUG;
				SWIFT_OPTIMIZATION_LEVEL = "-Onone";
			};
			name = Debug;
		};
		7D437C5D1F882B1000E4A964 /* Release */ = {
			isa = XCBuildConfiguration;
			buildSettings = {
				ALWAYS_SEARCH_USER_PATHS = NO;
				CLANG_ANALYZER_NONNULL = YES;
				CLANG_ANALYZER_NUMBER_OBJECT_CONVERSION = YES_AGGRESSIVE;
				CLANG_CXX_LANGUAGE_STANDARD = "gnu++14";
				CLANG_CXX_LIBRARY = "libc++";
				CLANG_ENABLE_MODULES = YES;
				CLANG_ENABLE_OBJC_ARC = YES;
				CLANG_WARN_BLOCK_CAPTURE_AUTORELEASING = YES;
				CLANG_WARN_BOOL_CONVERSION = YES;
				CLANG_WARN_COMMA = YES;
				CLANG_WARN_CONSTANT_CONVERSION = YES;
				CLANG_WARN_DIRECT_OBJC_ISA_USAGE = YES_ERROR;
				CLANG_WARN_DOCUMENTATION_COMMENTS = YES;
				CLANG_WARN_EMPTY_BODY = YES;
				CLANG_WARN_ENUM_CONVERSION = YES;
				CLANG_WARN_INFINITE_RECURSION = YES;
				CLANG_WARN_INT_CONVERSION = YES;
				CLANG_WARN_NON_LITERAL_NULL_CONVERSION = YES;
				CLANG_WARN_OBJC_LITERAL_CONVERSION = YES;
				CLANG_WARN_OBJC_ROOT_CLASS = YES_ERROR;
				CLANG_WARN_RANGE_LOOP_ANALYSIS = YES;
				CLANG_WARN_STRICT_PROTOTYPES = YES;
				CLANG_WARN_SUSPICIOUS_MOVE = YES;
				CLANG_WARN_UNGUARDED_AVAILABILITY = YES_AGGRESSIVE;
				CLANG_WARN_UNREACHABLE_CODE = YES;
				CLANG_WARN__DUPLICATE_METHOD_MATCH = YES;
				CODE_SIGN_IDENTITY = "iPhone Developer";
				COPY_PHASE_STRIP = NO;
				DEBUG_INFORMATION_FORMAT = "dwarf-with-dsym";
				ENABLE_NS_ASSERTIONS = NO;
				ENABLE_STRICT_OBJC_MSGSEND = YES;
				GCC_C_LANGUAGE_STANDARD = gnu11;
				GCC_NO_COMMON_BLOCKS = YES;
				GCC_WARN_64_TO_32_BIT_CONVERSION = YES;
				GCC_WARN_ABOUT_RETURN_TYPE = YES_ERROR;
				GCC_WARN_UNDECLARED_SELECTOR = YES;
				GCC_WARN_UNINITIALIZED_AUTOS = YES_AGGRESSIVE;
				GCC_WARN_UNUSED_FUNCTION = YES;
				GCC_WARN_UNUSED_VARIABLE = YES;
				IPHONEOS_DEPLOYMENT_TARGET = 11.0;
				MTL_ENABLE_DEBUG_INFO = NO;
				SDKROOT = iphoneos;
				SWIFT_OPTIMIZATION_LEVEL = "-Owholemodule";
				VALIDATE_PRODUCT = YES;
			};
			name = Release;
		};
		7D437C5F1F882B1000E4A964 /* Debug */ = {
			isa = XCBuildConfiguration;
			buildSettings = {
				ASSETCATALOG_COMPILER_APPICON_NAME = AppIcon;
				CODE_SIGN_STYLE = Automatic;
				DEVELOPMENT_TEAM = DYLA5J7PW5;
				INFOPLIST_FILE = whetherAnyWeather/Info.plist;
				LD_RUNPATH_SEARCH_PATHS = "$(inherited) @executable_path/Frameworks";
				PRODUCT_BUNDLE_IDENTIFIER = "Captain-Abhious.whetherAnyWeather";
				PRODUCT_NAME = "$(TARGET_NAME)";
				SWIFT_VERSION = 4.0;
				TARGETED_DEVICE_FAMILY = "1,2";
			};
			name = Debug;
		};
		7D437C601F882B1000E4A964 /* Release */ = {
			isa = XCBuildConfiguration;
			buildSettings = {
				ASSETCATALOG_COMPILER_APPICON_NAME = AppIcon;
				CODE_SIGN_STYLE = Automatic;
				DEVELOPMENT_TEAM = DYLA5J7PW5;
				INFOPLIST_FILE = whetherAnyWeather/Info.plist;
				LD_RUNPATH_SEARCH_PATHS = "$(inherited) @executable_path/Frameworks";
				PRODUCT_BUNDLE_IDENTIFIER = "Captain-Abhious.whetherAnyWeather";
				PRODUCT_NAME = "$(TARGET_NAME)";
				SWIFT_VERSION = 4.0;
				TARGETED_DEVICE_FAMILY = "1,2";
			};
			name = Release;
		};
/* End XCBuildConfiguration section */

/* Begin XCConfigurationList section */
		7D437C471F882B0F00E4A964 /* Build configuration list for PBXProject "whetherAnyWeather" */ = {
			isa = XCConfigurationList;
			buildConfigurations = (
				7D437C5C1F882B1000E4A964 /* Debug */,
				7D437C5D1F882B1000E4A964 /* Release */,
			);
			defaultConfigurationIsVisible = 0;
			defaultConfigurationName = Release;
		};
		7D437C5E1F882B1000E4A964 /* Build configuration list for PBXNativeTarget "whetherAnyWeather" */ = {
			isa = XCConfigurationList;
			buildConfigurations = (
				7D437C5F1F882B1000E4A964 /* Debug */,
				7D437C601F882B1000E4A964 /* Release */,
			);
			defaultConfigurationIsVisible = 0;
			defaultConfigurationName = Release;
		};
/* End XCConfigurationList section */
	};
	rootObject = 7D437C441F882B0F00E4A964 /* Project object */;
}
